// !$*UTF8*$!
{
	archiveVersion = 1;
	classes = {
	};
	objectVersion = 55;
	objects = {

/* Begin PBXBuildFile section */
		1E584DCF2801A646009F8063 /* AppDelegate.swift in Sources */ = {isa = PBXBuildFile; fileRef = 1E584DCE2801A646009F8063 /* AppDelegate.swift */; };
		1E584DD12801A646009F8063 /* SceneDelegate.swift in Sources */ = {isa = PBXBuildFile; fileRef = 1E584DD02801A646009F8063 /* SceneDelegate.swift */; };
		1E584DD62801A646009F8063 /* Main.storyboard in Resources */ = {isa = PBXBuildFile; fileRef = 1E584DD42801A646009F8063 /* Main.storyboard */; };
		1E584DD82801A647009F8063 /* Assets.xcassets in Resources */ = {isa = PBXBuildFile; fileRef = 1E584DD72801A647009F8063 /* Assets.xcassets */; };
		1E584DDB2801A647009F8063 /* LaunchScreen.storyboard in Resources */ = {isa = PBXBuildFile; fileRef = 1E584DD92801A647009F8063 /* LaunchScreen.storyboard */; };
		1E584DEC2801E359009F8063 /* NewTableViewCell.swift in Sources */ = {isa = PBXBuildFile; fileRef = 1E584DEB2801E359009F8063 /* NewTableViewCell.swift */; };
		1E584DEE2801E5F2009F8063 /* NewModel.swift in Sources */ = {isa = PBXBuildFile; fileRef = 1E584DED2801E5F2009F8063 /* NewModel.swift */; };
		1E584DF428024F12009F8063 /* NewsListViewController.swift in Sources */ = {isa = PBXBuildFile; fileRef = 1E584DF328024F12009F8063 /* NewsListViewController.swift */; };
		1E584DF6280265C7009F8063 /* DetailsNewViewController.swift in Sources */ = {isa = PBXBuildFile; fileRef = 1E584DF5280265C7009F8063 /* DetailsNewViewController.swift */; };
		3A5F58CF6DBD18C0BA686C17 /* Pods_NewsAppAlamofire.framework in Frameworks */ = {isa = PBXBuildFile; fileRef = 0D2BAFEDC5F89DCC4397276D /* Pods_NewsAppAlamofire.framework */; };
/* End PBXBuildFile section */

/* Begin PBXFileReference section */
		0D2BAFEDC5F89DCC4397276D /* Pods_NewsAppAlamofire.framework */ = {isa = PBXFileReference; explicitFileType = wrapper.framework; includeInIndex = 0; path = Pods_NewsAppAlamofire.framework; sourceTree = BUILT_PRODUCTS_DIR; };
		1E584DCB2801A646009F8063 /* NewsAppAlamofire.app */ = {isa = PBXFileReference; explicitFileType = wrapper.application; includeInIndex = 0; path = NewsAppAlamofire.app; sourceTree = BUILT_PRODUCTS_DIR; };
		1E584DCE2801A646009F8063 /* AppDelegate.swift */ = {isa = PBXFileReference; lastKnownFileType = sourcecode.swift; path = AppDelegate.swift; sourceTree = "<group>"; };
		1E584DD02801A646009F8063 /* SceneDelegate.swift */ = {isa = PBXFileReference; lastKnownFileType = sourcecode.swift; path = SceneDelegate.swift; sourceTree = "<group>"; };
		1E584DD52801A646009F8063 /* Base */ = {isa = PBXFileReference; lastKnownFileType = file.storyboard; name = Base; path = Base.lproj/Main.storyboard; sourceTree = "<group>"; };
		1E584DD72801A647009F8063 /* Assets.xcassets */ = {isa = PBXFileReference; lastKnownFileType = folder.assetcatalog; path = Assets.xcassets; sourceTree = "<group>"; };
		1E584DDA2801A647009F8063 /* Base */ = {isa = PBXFileReference; lastKnownFileType = file.storyboard; name = Base; path = Base.lproj/LaunchScreen.storyboard; sourceTree = "<group>"; };
		1E584DDC2801A647009F8063 /* Info.plist */ = {isa = PBXFileReference; lastKnownFileType = text.plist.xml; path = Info.plist; sourceTree = "<group>"; };
		1E584DEB2801E359009F8063 /* NewTableViewCell.swift */ = {isa = PBXFileReference; lastKnownFileType = sourcecode.swift; path = NewTableViewCell.swift; sourceTree = "<group>"; };
		1E584DED2801E5F2009F8063 /* NewModel.swift */ = {isa = PBXFileReference; lastKnownFileType = sourcecode.swift; path = NewModel.swift; sourceTree = "<group>"; };
		1E584DF328024F12009F8063 /* NewsListViewController.swift */ = {isa = PBXFileReference; lastKnownFileType = sourcecode.swift; path = NewsListViewController.swift; sourceTree = "<group>"; };
		1E584DF5280265C7009F8063 /* DetailsNewViewController.swift */ = {isa = PBXFileReference; lastKnownFileType = sourcecode.swift; path = DetailsNewViewController.swift; sourceTree = "<group>"; };
		98084D3B6D7C7C79E126A1EB /* Pods-NewsAppAlamofire.release.xcconfig */ = {isa = PBXFileReference; includeInIndex = 1; lastKnownFileType = text.xcconfig; name = "Pods-NewsAppAlamofire.release.xcconfig"; path = "Target Support Files/Pods-NewsAppAlamofire/Pods-NewsAppAlamofire.release.xcconfig"; sourceTree = "<group>"; };
		DEA01878FC842FAECB0AD37B /* Pods-NewsAppAlamofire.debug.xcconfig */ = {isa = PBXFileReference; includeInIndex = 1; lastKnownFileType = text.xcconfig; name = "Pods-NewsAppAlamofire.debug.xcconfig"; path = "Target Support Files/Pods-NewsAppAlamofire/Pods-NewsAppAlamofire.debug.xcconfig"; sourceTree = "<group>"; };
/* End PBXFileReference section */

/* Begin PBXFrameworksBuildPhase section */
		1E584DC82801A646009F8063 /* Frameworks */ = {
			isa = PBXFrameworksBuildPhase;
			buildActionMask = 2147483647;
			files = (
				3A5F58CF6DBD18C0BA686C17 /* Pods_NewsAppAlamofire.framework in Frameworks */,
			);
			runOnlyForDeploymentPostprocessing = 0;
		};
/* End PBXFrameworksBuildPhase section */

/* Begin PBXGroup section */
		1E584DC22801A646009F8063 = {
			isa = PBXGroup;
			children = (
				1E584DCD2801A646009F8063 /* NewsAppAlamofire */,
				1E584DCC2801A646009F8063 /* Products */,
				78BCD6F0D3FAA2A7020ECF33 /* Pods */,
				7A670E77C3DDA42FE0EA5DFB /* Frameworks */,
			);
			sourceTree = "<group>";
		};
		1E584DCC2801A646009F8063 /* Products */ = {
			isa = PBXGroup;
			children = (
				1E584DCB2801A646009F8063 /* NewsAppAlamofire.app */,
			);
			name = Products;
			sourceTree = "<group>";
		};
		1E584DCD2801A646009F8063 /* NewsAppAlamofire */ = {
			isa = PBXGroup;
			children = (
				1E584DE62801A9A0009F8063 /* Cells */,
				1E584DE42801A986009F8063 /* Models */,
				1E584DE32801A97D009F8063 /* Controllers */,
				1E584DE22801A971009F8063 /* Supporting Files */,
				1E584DD42801A646009F8063 /* Main.storyboard */,
				1E584DD72801A647009F8063 /* Assets.xcassets */,
				1E584DD92801A647009F8063 /* LaunchScreen.storyboard */,
				1E584DDC2801A647009F8063 /* Info.plist */,
			);
			path = NewsAppAlamofire;
			sourceTree = "<group>";
		};
		1E584DE22801A971009F8063 /* Supporting Files */ = {
			isa = PBXGroup;
			children = (
				1E584DCE2801A646009F8063 /* AppDelegate.swift */,
				1E584DD02801A646009F8063 /* SceneDelegate.swift */,
			);
			path = "Supporting Files";
			sourceTree = "<group>";
		};
		1E584DE32801A97D009F8063 /* Controllers */ = {
			isa = PBXGroup;
			children = (
				1E584DF328024F12009F8063 /* NewsListViewController.swift */,
				1E584DF5280265C7009F8063 /* DetailsNewViewController.swift */,
			);
			path = Controllers;
			sourceTree = "<group>";
		};
		1E584DE42801A986009F8063 /* Models */ = {
			isa = PBXGroup;
			children = (
				1E584DED2801E5F2009F8063 /* NewModel.swift */,
			);
			path = Models;
			sourceTree = "<group>";
		};
		1E584DE62801A9A0009F8063 /* Cells */ = {
			isa = PBXGroup;
			children = (
				1E584DEB2801E359009F8063 /* NewTableViewCell.swift */,
			);
			path = Cells;
			sourceTree = "<group>";
		};
		78BCD6F0D3FAA2A7020ECF33 /* Pods */ = {
			isa = PBXGroup;
			children = (
				DEA01878FC842FAECB0AD37B /* Pods-NewsAppAlamofire.debug.xcconfig */,
				98084D3B6D7C7C79E126A1EB /* Pods-NewsAppAlamofire.release.xcconfig */,
			);
			path = Pods;
			sourceTree = "<group>";
		};
		7A670E77C3DDA42FE0EA5DFB /* Frameworks */ = {
			isa = PBXGroup;
			children = (
				0D2BAFEDC5F89DCC4397276D /* Pods_NewsAppAlamofire.framework */,
			);
			name = Frameworks;
			sourceTree = "<group>";
		};
/* End PBXGroup section */

/* Begin PBXNativeTarget section */
		1E584DCA2801A646009F8063 /* NewsAppAlamofire */ = {
			isa = PBXNativeTarget;
			buildConfigurationList = 1E584DDF2801A647009F8063 /* Build configuration list for PBXNativeTarget "NewsAppAlamofire" */;
			buildPhases = (
				DCAD7FFBA3FA8DA614EB161A /* [CP] Check Pods Manifest.lock */,
				1E584DC72801A646009F8063 /* Sources */,
				1E584DC82801A646009F8063 /* Frameworks */,
				1E584DC92801A646009F8063 /* Resources */,
				49ACFA47AD0DF437E7AF4A22 /* [CP] Embed Pods Frameworks */,
			);
			buildRules = (
			);
			dependencies = (
			);
			name = NewsAppAlamofire;
			productName = NewsAppAlamofire;
			productReference = 1E584DCB2801A646009F8063 /* NewsAppAlamofire.app */;
			productType = "com.apple.product-type.application";
		};
/* End PBXNativeTarget section */

/* Begin PBXProject section */
		1E584DC32801A646009F8063 /* Project object */ = {
			isa = PBXProject;
			attributes = {
				BuildIndependentTargetsInParallel = 1;
				LastSwiftUpdateCheck = 1320;
				LastUpgradeCheck = 1320;
				TargetAttributes = {
					1E584DCA2801A646009F8063 = {
						CreatedOnToolsVersion = 13.2.1;
					};
				};
			};
			buildConfigurationList = 1E584DC62801A646009F8063 /* Build configuration list for PBXProject "NewsAppAlamofire" */;
			compatibilityVersion = "Xcode 13.0";
			developmentRegion = en;
			hasScannedForEncodings = 0;
			knownRegions = (
				en,
				Base,
			);
			mainGroup = 1E584DC22801A646009F8063;
			productRefGroup = 1E584DCC2801A646009F8063 /* Products */;
			projectDirPath = "";
			projectRoot = "";
			targets = (
				1E584DCA2801A646009F8063 /* NewsAppAlamofire */,
			);
		};
/* End PBXProject section */

/* Begin PBXResourcesBuildPhase section */
		1E584DC92801A646009F8063 /* Resources */ = {
			isa = PBXResourcesBuildPhase;
			buildActionMask = 2147483647;
			files = (
				1E584DDB2801A647009F8063 /* LaunchScreen.storyboard in Resources */,
				1E584DD82801A647009F8063 /* Assets.xcassets in Resources */,
				1E584DD62801A646009F8063 /* Main.storyboard in Resources */,
			);
			runOnlyForDeploymentPostprocessing = 0;
		};
/* End PBXResourcesBuildPhase section */

/* Begin PBXShellScriptBuildPhase section */
		49ACFA47AD0DF437E7AF4A22 /* [CP] Embed Pods Frameworks */ = {
			isa = PBXShellScriptBuildPhase;
			buildActionMask = 2147483647;
			files = (
			);
			inputFileListPaths = (
				"${PODS_ROOT}/Target Support Files/Pods-NewsAppAlamofire/Pods-NewsAppAlamofire-frameworks-${CONFIGURATION}-input-files.xcfilelist",
			);
			name = "[CP] Embed Pods Frameworks";
			outputFileListPaths = (
				"${PODS_ROOT}/Target Support Files/Pods-NewsAppAlamofire/Pods-NewsAppAlamofire-frameworks-${CONFIGURATION}-output-files.xcfilelist",
			);
			runOnlyForDeploymentPostprocessing = 0;
			shellPath = /bin/sh;
			shellScript = "\"${PODS_ROOT}/Target Support Files/Pods-NewsAppAlamofire/Pods-NewsAppAlamofire-frameworks.sh\"\n";
			showEnvVarsInLog = 0;
		};
		DCAD7FFBA3FA8DA614EB161A /* [CP] Check Pods Manifest.lock */ = {
			isa = PBXShellScriptBuildPhase;
			buildActionMask = 2147483647;
			files = (
			);
			inputFileListPaths = (
			);
			inputPaths = (
				"${PODS_PODFILE_DIR_PATH}/Podfile.lock",
				"${PODS_ROOT}/Manifest.lock",
			);
			name = "[CP] Check Pods Manifest.lock";
			outputFileListPaths = (
			);
			outputPaths = (
				"$(DERIVED_FILE_DIR)/Pods-NewsAppAlamofire-checkManifestLockResult.txt",
			);
			runOnlyForDeploymentPostprocessing = 0;
			shellPath = /bin/sh;
			shellScript = "diff \"${PODS_PODFILE_DIR_PATH}/Podfile.lock\" \"${PODS_ROOT}/Manifest.lock\" > /dev/null\nif [ $? != 0 ] ; then\n    # print error to STDERR\n    echo \"error: The sandbox is not in sync with the Podfile.lock. Run 'pod install' or update your CocoaPods installation.\" >&2\n    exit 1\nfi\n# This output is used by Xcode 'outputs' to avoid re-running this script phase.\necho \"SUCCESS\" > \"${SCRIPT_OUTPUT_FILE_0}\"\n";
			showEnvVarsInLog = 0;
		};
/* End PBXShellScriptBuildPhase section */

/* Begin PBXSourcesBuildPhase section */
		1E584DC72801A646009F8063 /* Sources */ = {
			isa = PBXSourcesBuildPhase;
			buildActionMask = 2147483647;
			files = (
				1E584DCF2801A646009F8063 /* AppDelegate.swift in Sources */,
				1E584DEC2801E359009F8063 /* NewTableViewCell.swift in Sources */,
				1E584DF6280265C7009F8063 /* DetailsNewViewController.swift in Sources */,
				1E584DF428024F12009F8063 /* NewsListViewController.swift in Sources */,
				1E584DD12801A646009F8063 /* SceneDelegate.swift in Sources */,
				1E584DEE2801E5F2009F8063 /* NewModel.swift in Sources */,
			);
			runOnlyForDeploymentPostprocessing = 0;
		};
/* End PBXSourcesBuildPhase section */

/* Begin PBXVariantGroup section */
		1E584DD42801A646009F8063 /* Main.storyboard */ = {
			isa = PBXVariantGroup;
			children = (
				1E584DD52801A646009F8063 /* Base */,
			);
			name = Main.storyboard;
			sourceTree = "<group>";
		};
		1E584DD92801A647009F8063 /* LaunchScreen.storyboard */ = {
			isa = PBXVariantGroup;
			children = (
				1E584DDA2801A647009F8063 /* Base */,
			);
			name = LaunchScreen.storyboard;
			sourceTree = "<group>";
		};
/* End PBXVariantGroup section */

/* Begin XCBuildConfiguration section */
		1E584DDD2801A647009F8063 /* Debug */ = {
			isa = XCBuildConfiguration;
			buildSettings = {
				ALWAYS_SEARCH_USER_PATHS = NO;
				CLANG_ANALYZER_NONNULL = YES;
				CLANG_ANALYZER_NUMBER_OBJECT_CONVERSION = YES_AGGRESSIVE;
				CLANG_CXX_LANGUAGE_STANDARD = "gnu++17";
				CLANG_CXX_LIBRARY = "libc++";
				CLANG_ENABLE_MODULES = YES;
				CLANG_ENABLE_OBJC_ARC = YES;
				CLANG_ENABLE_OBJC_WEAK = YES;
				CLANG_WARN_BLOCK_CAPTURE_AUTORELEASING = YES;
				CLANG_WARN_BOOL_CONVERSION = YES;
				CLANG_WARN_COMMA = YES;
				CLANG_WARN_CONSTANT_CONVERSION = YES;
				CLANG_WARN_DEPRECATED_OBJC_IMPLEMENTATIONS = YES;
				CLANG_WARN_DIRECT_OBJC_ISA_USAGE = YES_ERROR;
				CLANG_WARN_DOCUMENTATION_COMMENTS = YES;
				CLANG_WARN_EMPTY_BODY = YES;
				CLANG_WARN_ENUM_CONVERSION = YES;
				CLANG_WARN_INFINITE_RECURSION = YES;
				CLANG_WARN_INT_CONVERSION = YES;
				CLANG_WARN_NON_LITERAL_NULL_CONVERSION = YES;
				CLANG_WARN_OBJC_IMPLICIT_RETAIN_SELF = YES;
				CLANG_WARN_OBJC_LITERAL_CONVERSION = YES;
				CLANG_WARN_OBJC_ROOT_CLASS = YES_ERROR;
				CLANG_WARN_QUOTED_INCLUDE_IN_FRAMEWORK_HEADER = YES;
				CLANG_WARN_RANGE_LOOP_ANALYSIS = YES;
				CLANG_WARN_STRICT_PROTOTYPES = YES;
				CLANG_WARN_SUSPICIOUS_MOVE = YES;
				CLANG_WARN_UNGUARDED_AVAILABILITY = YES_AGGRESSIVE;
				CLANG_WARN_UNREACHABLE_CODE = YES;
				CLANG_WARN__DUPLICATE_METHOD_MATCH = YES;
				COPY_PHASE_STRIP = NO;
				DEBUG_INFORMATION_FORMAT = dwarf;
				ENABLE_STRICT_OBJC_MSGSEND = YES;
				ENABLE_TESTABILITY = YES;
				GCC_C_LANGUAGE_STANDARD = gnu11;
				GCC_DYNAMIC_NO_PIC = NO;
				GCC_NO_COMMON_BLOCKS = YES;
				GCC_OPTIMIZATION_LEVEL = 0;
				GCC_PREPROCESSOR_DEFINITIONS = (
					"DEBUG=1",
					"$(inherited)",
				);
				GCC_WARN_64_TO_32_BIT_CONVERSION = YES;
				GCC_WARN_ABOUT_RETURN_TYPE = YES_ERROR;
				GCC_WARN_UNDECLARED_SELECTOR = YES;
				GCC_WARN_UNINITIALIZED_AUTOS = YES_AGGRESSIVE;
				GCC_WARN_UNUSED_FUNCTION = YES;
				GCC_WARN_UNUSED_VARIABLE = YES;
				IPHONEOS_DEPLOYMENT_TARGET = 15.2;
				MTL_ENABLE_DEBUG_INFO = INCLUDE_SOURCE;
				MTL_FAST_MATH = YES;
				ONLY_ACTIVE_ARCH = YES;
				SDKROOT = iphoneos;
				SWIFT_ACTIVE_COMPILATION_CONDITIONS = DEBUG;
				SWIFT_OPTIMIZATION_LEVEL = "-Onone";
			};
			name = Debug;
		};
		1E584DDE2801A647009F8063 /* Release */ = {
			isa = XCBuildConfiguration;
			buildSettings = {
				ALWAYS_SEARCH_USER_PATHS = NO;
				CLANG_ANALYZER_NONNULL = YES;
				CLANG_ANALYZER_NUMBER_OBJECT_CONVERSION = YES_AGGRESSIVE;
				CLANG_CXX_LANGUAGE_STANDARD = "gnu++17";
				CLANG_CXX_LIBRARY = "libc++";
				CLANG_ENABLE_MODULES = YES;
				CLANG_ENABLE_OBJC_ARC = YES;
				CLANG_ENABLE_OBJC_WEAK = YES;
				CLANG_WARN_BLOCK_CAPTURE_AUTORELEASING = YES;
				CLANG_WARN_BOOL_CONVERSION = YES;
				CLANG_WARN_COMMA = YES;
				CLANG_WARN_CONSTANT_CONVERSION = YES;
				CLANG_WARN_DEPRECATED_OBJC_IMPLEMENTATIONS = YES;
				CLANG_WARN_DIRECT_OBJC_ISA_USAGE = YES_ERROR;
				CLANG_WARN_DOCUMENTATION_COMMENTS = YES;
				CLANG_WARN_EMPTY_BODY = YES;
				CLANG_WARN_ENUM_CONVERSION = YES;
				CLANG_WARN_INFINITE_RECURSION = YES;
				CLANG_WARN_INT_CONVERSION = YES;
				CLANG_WARN_NON_LITERAL_NULL_CONVERSION = YES;
				CLANG_WARN_OBJC_IMPLICIT_RETAIN_SELF = YES;
				CLANG_WARN_OBJC_LITERAL_CONVERSION = YES;
				CLANG_WARN_OBJC_ROOT_CLASS = YES_ERROR;
				CLANG_WARN_QUOTED_INCLUDE_IN_FRAMEWORK_HEADER = YES;
				CLANG_WARN_RANGE_LOOP_ANALYSIS = YES;
				CLANG_WARN_STRICT_PROTOTYPES = YES;
				CLANG_WARN_SUSPICIOUS_MOVE = YES;
				CLANG_WARN_UNGUARDED_AVAILABILITY = YES_AGGRESSIVE;
				CLANG_WARN_UNREACHABLE_CODE = YES;
				CLANG_WARN__DUPLICATE_METHOD_MATCH = YES;
				COPY_PHASE_STRIP = NO;
				DEBUG_INFORMATION_FORMAT = "dwarf-with-dsym";
				ENABLE_NS_ASSERTIONS = NO;
				ENABLE_STRICT_OBJC_MSGSEND = YES;
				GCC_C_LANGUAGE_STANDARD = gnu11;
				GCC_NO_COMMON_BLOCKS = YES;
				GCC_WARN_64_TO_32_BIT_CONVERSION = YES;
				GCC_WARN_ABOUT_RETURN_TYPE = YES_ERROR;
				GCC_WARN_UNDECLARED_SELECTOR = YES;
				GCC_WARN_UNINITIALIZED_AUTOS = YES_AGGRESSIVE;
				GCC_WARN_UNUSED_FUNCTION = YES;
				GCC_WARN_UNUSED_VARIABLE = YES;
				IPHONEOS_DEPLOYMENT_TARGET = 15.2;
				MTL_ENABLE_DEBUG_INFO = NO;
				MTL_FAST_MATH = YES;
				SDKROOT = iphoneos;
				SWIFT_COMPILATION_MODE = wholemodule;
				SWIFT_OPTIMIZATION_LEVEL = "-O";
				VALIDATE_PRODUCT = YES;
			};
			name = Release;
		};
		1E584DE02801A647009F8063 /* Debug */ = {
			isa = XCBuildConfiguration;
			baseConfigurationReference = DEA01878FC842FAECB0AD37B /* Pods-NewsAppAlamofire.debug.xcconfig */;
			buildSettings = {
				ASSETCATALOG_COMPILER_APPICON_NAME = AppIcon;
				ASSETCATALOG_COMPILER_GLOBAL_ACCENT_COLOR_NAME = AccentColor;
				CODE_SIGN_STYLE = Automatic;
				CURRENT_PROJECT_VERSION = 1;
				GENERATE_INFOPLIST_FILE = YES;
				INFOPLIST_FILE = NewsAppAlamofire/Info.plist;
				INFOPLIST_KEY_UIApplicationSupportsIndirectInputEvents = YES;
				INFOPLIST_KEY_UILaunchStoryboardName = LaunchScreen;
				INFOPLIST_KEY_UIMainStoryboardFile = Main;
				INFOPLIST_KEY_UISupportedInterfaceOrientations_iPad = "UIInterfaceOrientationPortrait UIInterfaceOrientationPortraitUpsideDown UIInterfaceOrientationLandscapeLeft UIInterfaceOrientationLandscapeRight";
				INFOPLIST_KEY_UISupportedInterfaceOrientations_iPhone = "UIInterfaceOrientationPortrait UIInterfaceOrientationLandscapeLeft UIInterfaceOrientationLandscapeRight";
				LD_RUNPATH_SEARCH_PATHS = (
					"$(inherited)",
					"@executable_path/Frameworks",
				);
				MARKETING_VERSION = 1.0;
				PRODUCT_BUNDLE_IDENTIFIER = yeskendiriskakov.kz.NewsAppAlamofire;
				PRODUCT_NAME = "$(TARGET_NAME)";
				SWIFT_EMIT_LOC_STRINGS = YES;
				SWIFT_VERSION = 5.0;
				TARGETED_DEVICE_FAMILY = "1,2";
			};
			name = Debug;
		};
		1E584DE12801A647009F8063 /* Release */ = {
			isa = XCBuildConfiguration;
			baseConfigurationReference = 98084D3B6D7C7C79E126A1EB /* Pods-NewsAppAlamofire.release.xcconfig */;
			buildSettings = {
				ASSETCATALOG_COMPILER_APPICON_NAME = AppIcon;
				ASSETCATALOG_COMPILER_GLOBAL_ACCENT_COLOR_NAME = AccentColor;
				CODE_SIGN_STYLE = Automatic;
				CURRENT_PROJECT_VERSION = 1;
				GENERATE_INFOPLIST_FILE = YES;
				INFOPLIST_FILE = NewsAppAlamofire/Info.plist;
				INFOPLIST_KEY_UIApplicationSupportsIndirectInputEvents = YES;
				INFOPLIST_KEY_UILaunchStoryboardName = LaunchScreen;
				INFOPLIST_KEY_UIMainStoryboardFile = Main;
				INFOPLIST_KEY_UISupportedInterfaceOrientations_iPad = "UIInterfaceOrientationPortrait UIInterfaceOrientationPortraitUpsideDown UIInterfaceOrientationLandscapeLeft UIInterfaceOrientationLandscapeRight";
				INFOPLIST_KEY_UISupportedInterfaceOrientations_iPhone = "UIInterfaceOrientationPortrait UIInterfaceOrientationLandscapeLeft UIInterfaceOrientationLandscapeRight";
				LD_RUNPATH_SEARCH_PATHS = (
					"$(inherited)",
					"@executable_path/Frameworks",
				);
				MARKETING_VERSION = 1.0;
				PRODUCT_BUNDLE_IDENTIFIER = yeskendiriskakov.kz.NewsAppAlamofire;
				PRODUCT_NAME = "$(TARGET_NAME)";
				SWIFT_EMIT_LOC_STRINGS = YES;
				SWIFT_VERSION = 5.0;
				TARGETED_DEVICE_FAMILY = "1,2";
			};
			name = Release;
		};
/* End XCBuildConfiguration section */

/* Begin XCConfigurationList section */
		1E584DC62801A646009F8063 /* Build configuration list for PBXProject "NewsAppAlamofire" */ = {
			isa = XCConfigurationList;
			buildConfigurations = (
				1E584DDD2801A647009F8063 /* Debug */,
				1E584DDE2801A647009F8063 /* Release */,
			);
			defaultConfigurationIsVisible = 0;
			defaultConfigurationName = Release;
		};
		1E584DDF2801A647009F8063 /* Build configuration list for PBXNativeTarget "NewsAppAlamofire" */ = {
			isa = XCConfigurationList;
			buildConfigurations = (
				1E584DE02801A647009F8063 /* Debug */,
				1E584DE12801A647009F8063 /* Release */,
			);
			defaultConfigurationIsVisible = 0;
			defaultConfigurationName = Release;
		};
/* End XCConfigurationList section */
	};
	rootObject = 1E584DC32801A646009F8063 /* Project object */;
}
